
Microsoft Visual Studio Solution File, Format Version 11.00
# Visual Studio 2010
Project("{FAE04EC0-301F-11D3-BF4B-00C04F79EFBC}") = "SPLAT.exe", "SPLAT.exe\SPLAT.exe.csproj", "{E2F72587-9E28-44F0-91C4-8821207050AB}"
EndProject
Global
	GlobalSection(SolutionConfigurationPlatforms) = preSolution
		Debug|Any CPU = Debug|Any CPU
		Release|Any CPU = Release|Any CPU
	EndGlobalSection
	GlobalSection(ProjectConfigurationPlatforms) = postSolution
		{E2F72587-9E28-44F0-91C4-8821207050AB}.Debug|Any CPU.ActiveCfg = Debug|Any CPU
		{E2F72587-9E28-44F0-91C4-8821207050AB}.Debug|Any CPU.Build.0 = Debug|Any CPU
		{E2F72587-9E28-44F0-91C4-8821207050AB}.Release|Any CPU.ActiveCfg = Release|Any CPU
		{E2F72587-9E28-44F0-91C4-8821207050AB}.Release|Any CPU.Build.0 = Release|Any CPU
	EndGlobalSection
	GlobalSection(SolutionProperties) = preSolution
		HideSolutionNode = FALSE
	EndGlobalSection
EndGlobal
